# THIS IS AN AUTOGENERATED FILE. DO NOT EDIT THIS FILE DIRECTLY.
# yarn lockfile v1


"@mongodb-js/saslprep@^1.1.0":
  version "1.1.1"
  resolved "https://registry.npmjs.org/@mongodb-js/saslprep/-/saslprep-1.1.1.tgz#9a6c2516bc9188672c4d953ec99760ba49970da7"
  integrity sha512-t7c5K033joZZMspnHg/gWPE4kandgc2OxE74aYOtGKfgB9VPuVJPix0H6fhmm2erj5PBJ21mqcx34lpIGtUCsQ==
  dependencies:
    sparse-bitfield "^3.0.3"

"@noble/curves@^1.2.0":
  version "1.2.0"
  resolved "https://registry.npmjs.org/@noble/curves/-/curves-1.2.0.tgz#92d7e12e4e49b23105a2555c6984d41733d65c35"
  integrity sha512-oYclrNgRaM9SsBUBVbb8M6DTV7ZHRTKugureoYEncY5c65HOmRzvSiTE3y5CYaPYJA/GVkrhXEoF0M3Ya9PMnw==
  dependencies:
    "@noble/hashes" "1.3.2"

"@noble/hashes@1.3.2", "@noble/hashes@^1.3.2":
  version "1.3.2"
  resolved "https://registry.npmjs.org/@noble/hashes/-/hashes-1.3.2.tgz#6f26dbc8fbc7205873ce3cee2f690eba0d421b39"
  integrity sha512-MVC8EAQp7MvEcm30KWENFjgR+Mkmf+D189XJTkFIlwohU5hcBbn1ZkKq7KVTi2Hme3PMGF390DaL52beVrIihQ==

"@osn/provider-options@1.1.8":
  version "1.1.8"
  resolved "https://registry.npmjs.org/@osn/provider-options/-/provider-options-1.1.8.tgz#798a73ceee0f8b7a29e83b404c22e541b760bd57"
  integrity sha512-jsd1m9PdD+KKNlo+NrtdpOsGtMw76GeXFd+1BywUGofQez+MPM3zrV1NsgrVzKv5bgAxHjJI1JAEAvaGYXgpxg==

"@osn/scan-common@0.6.4":
  version "0.6.4"
  resolved "https://registry.npmjs.org/@osn/scan-common/-/scan-common-0.6.4.tgz#44630939baed546a8a3907f943612d97706ec4b0"
  integrity sha512-1J7hRkH3SECaJUth/4konXIivLGBNI4wgcxtkXZTi1lAqzTlU12DC40Q5+7Un9HM2NfzSVMMV1DZHmqB4/KA/Q==
  dependencies:
    "@osn/provider-options" "1.1.8"
    "@polkadot/api" "10.11.1"
    "@polkadot/api-derive" "10.11.1"
    "@polkadot/types" "10.11.1"
    "@polkadot/util" "12.6.1"
    "@polkadot/util-crypto" "12.6.1"
    bignumber.js "^9.1.2"
    lodash.findlast "^4.6.0"
    lodash.last "^3.0.0"
    lodash.omit "^4.5.0"
    log4js "^6.9.1"
    mongodb "6.1.0"

"@polkadot/api-augment@10.11.1":
  version "10.11.1"
  resolved "https://registry.npmjs.org/@polkadot/api-augment/-/api-augment-10.11.1.tgz#63a5ccc3b33c18fa71263d5e58e0a4c6041a8504"
  integrity sha512-9Sk7fi6wzvxAoxvGJPcMt0hU4WzuIAlBy4Rng6WPiS6Ed0HJLr1dkZaqFFmV5my2pb3tu//1JGYkt+MUVB0Kqw==
  dependencies:
    "@polkadot/api-base" "10.11.1"
    "@polkadot/rpc-augment" "10.11.1"
    "@polkadot/types" "10.11.1"
    "@polkadot/types-augment" "10.11.1"
    "@polkadot/types-codec" "10.11.1"
    "@polkadot/util" "^12.6.1"
    tslib "^2.6.2"

"@polkadot/api-base@10.11.1":
  version "10.11.1"
  resolved "https://registry.npmjs.org/@polkadot/api-base/-/api-base-10.11.1.tgz#843fec74989b466278c42516a86fba65778b69bf"
  integrity sha512-A645Hj9bGtq0EOEWcwTaGoD40vp8/ih1suwinl5il8Psg+bdDmzodnVH5Jhuwe1dNKOuXuvxZvOmbYUPWyIqyg==
  dependencies:
    "@polkadot/rpc-core" "10.11.1"
    "@polkadot/types" "10.11.1"
    "@polkadot/util" "^12.6.1"
    rxjs "^7.8.1"
    tslib "^2.6.2"

"@polkadot/api-derive@10.11.1":
  version "10.11.1"
  resolved "https://registry.npmjs.org/@polkadot/api-derive/-/api-derive-10.11.1.tgz#528f90e33577258997cb998c0b597ba54bc9c683"
  integrity sha512-i48okJr0l1IrFTPa9KVkoJnDL2EHKExR6XC0Z7I9+kW9noxYWqo0tIoi5s1bNVD475xWK/rUjT7qHxiDbPaCUQ==
  dependencies:
    "@polkadot/api" "10.11.1"
    "@polkadot/api-augment" "10.11.1"
    "@polkadot/api-base" "10.11.1"
    "@polkadot/rpc-core" "10.11.1"
    "@polkadot/types" "10.11.1"
    "@polkadot/types-codec" "10.11.1"
    "@polkadot/util" "^12.6.1"
    "@polkadot/util-crypto" "^12.6.1"
    rxjs "^7.8.1"
    tslib "^2.6.2"

"@polkadot/api@10.11.1":
  version "10.11.1"
  resolved "https://registry.npmjs.org/@polkadot/api/-/api-10.11.1.tgz#3667ae1cf2f9c1955e138438c313efdba081314d"
  integrity sha512-WEgUYvY90AHX9drmsvWQ4DDuqlE7h4x3f28K5eOoJF4dQ5AkWsFogxwJ4TH57POWLfyi8AIn6/f1vsqPtReDhA==
  dependencies:
    "@polkadot/api-augment" "10.11.1"
    "@polkadot/api-base" "10.11.1"
    "@polkadot/api-derive" "10.11.1"
    "@polkadot/keyring" "^12.6.1"
    "@polkadot/rpc-augment" "10.11.1"
    "@polkadot/rpc-core" "10.11.1"
    "@polkadot/rpc-provider" "10.11.1"
    "@polkadot/types" "10.11.1"
    "@polkadot/types-augment" "10.11.1"
    "@polkadot/types-codec" "10.11.1"
    "@polkadot/types-create" "10.11.1"
    "@polkadot/types-known" "10.11.1"
    "@polkadot/util" "^12.6.1"
    "@polkadot/util-crypto" "^12.6.1"
    eventemitter3 "^5.0.1"
    rxjs "^7.8.1"
    tslib "^2.6.2"

"@polkadot/keyring@^12.6.1":
  version "12.6.1"
  resolved "https://registry.npmjs.org/@polkadot/keyring/-/keyring-12.6.1.tgz#0984dd625edd582750d8975f1898a4acb14bda8b"
  integrity sha512-cicTctZr5Jy5vgNT2FsNiKoTZnz6zQkgDoIYv79NI+p1Fhwc9C+DN/iMCnk3Cm9vR2gSAd2fSV+Y5iKVDhAmUw==
  dependencies:
    "@polkadot/util" "12.6.1"
    "@polkadot/util-crypto" "12.6.1"
    tslib "^2.6.2"

"@polkadot/networks@12.6.1", "@polkadot/networks@^12.6.1":
  version "12.6.1"
  resolved "https://registry.npmjs.org/@polkadot/networks/-/networks-12.6.1.tgz#eb0b1fb9e04fbaba066d44df4ff18b0567ca5fcc"
  integrity sha512-pzyirxTYAnsx+6kyLYcUk26e4TLz3cX6p2KhTgAVW77YnpGX5VTKTbYykyXC8fXFd/migeQsLaa2raFN47mwoA==
  dependencies:
    "@polkadot/util" "12.6.1"
    "@substrate/ss58-registry" "^1.44.0"
    tslib "^2.6.2"

"@polkadot/rpc-augment@10.11.1":
  version "10.11.1"
  resolved "https://registry.npmjs.org/@polkadot/rpc-augment/-/rpc-augment-10.11.1.tgz#f100165e60777a58583ea97cb672692a31a185f2"
  integrity sha512-wrtxHnEwqS3b1GuZ3sA1pzLuUjjLnW4FPawOklONRcIuKbGmFuvu7QvEIHmxBV1FAS/fs8gbvp8ImKWUPnT93Q==
  dependencies:
    "@polkadot/rpc-core" "10.11.1"
    "@polkadot/types" "10.11.1"
    "@polkadot/types-codec" "10.11.1"
    "@polkadot/util" "^12.6.1"
    tslib "^2.6.2"

"@polkadot/rpc-core@10.11.1":
  version "10.11.1"
  resolved "https://registry.npmjs.org/@polkadot/rpc-core/-/rpc-core-10.11.1.tgz#557958e57514d93fd3270a99910bf0d9f066df82"
  integrity sha512-3l4l+zL7MDWzQx3WnaieXXUKsbeA1Miu4wsje5trYJEE+hm+nMW8h7fiFKfYzXBi7ty/wMS+S7BfQPTrDkYHxA==
  dependencies:
    "@polkadot/rpc-augment" "10.11.1"
    "@polkadot/rpc-provider" "10.11.1"
    "@polkadot/types" "10.11.1"
    "@polkadot/util" "^12.6.1"
    rxjs "^7.8.1"
    tslib "^2.6.2"

"@polkadot/rpc-provider@10.11.1":
  version "10.11.1"
  resolved "https://registry.npmjs.org/@polkadot/rpc-provider/-/rpc-provider-10.11.1.tgz#8d94e96bba71ee8bbce9baf407b411c523fc2f28"
  integrity sha512-86aDUOnaG42si0jSOAgn6Fs3F3rz57x+iNBK1JpM0PLL2XvmPuoMZL5dZwzqSIey3nVdGJqRYfnFquWuyQpnOQ==
  dependencies:
    "@polkadot/keyring" "^12.6.1"
    "@polkadot/types" "10.11.1"
    "@polkadot/types-support" "10.11.1"
    "@polkadot/util" "^12.6.1"
    "@polkadot/util-crypto" "^12.6.1"
    "@polkadot/x-fetch" "^12.6.1"
    "@polkadot/x-global" "^12.6.1"
    "@polkadot/x-ws" "^12.6.1"
    eventemitter3 "^5.0.1"
    mock-socket "^9.3.1"
    nock "^13.3.8"
    tslib "^2.6.2"
  optionalDependencies:
    "@substrate/connect" "0.7.35"

"@polkadot/types-augment@10.11.1":
  version "10.11.1"
  resolved "https://registry.npmjs.org/@polkadot/types-augment/-/types-augment-10.11.1.tgz#273762db2e0dd932378860555e0d24672c583c7f"
  integrity sha512-Exd5mMCuSOXXz73iWqy8ocScWTrwAPqHz0Kxpz5OWlAu+5usipMuhjoeaZA803FHQntZh9lHUN31fuc50Exhew==
  dependencies:
    "@polkadot/types" "10.11.1"
    "@polkadot/types-codec" "10.11.1"
    "@polkadot/util" "^12.6.1"
    tslib "^2.6.2"

"@polkadot/types-codec@10.11.1":
  version "10.11.1"
  resolved "https://registry.npmjs.org/@polkadot/types-codec/-/types-codec-10.11.1.tgz#063afd17c1648279de2f9add42b23792026a402f"
  integrity sha512-B9Fu2hq3cRpJpGPcgfZ8Qi1OSX9u82J46adlbIG95ktoA+70eZ83VS3Zvtt9ACsdLVGETCJfDjSO25XptjhZKQ==
  dependencies:
    "@polkadot/util" "^12.6.1"
    "@polkadot/x-bigint" "^12.6.1"
    tslib "^2.6.2"

"@polkadot/types-create@10.11.1":
  version "10.11.1"
  resolved "https://registry.npmjs.org/@polkadot/types-create/-/types-create-10.11.1.tgz#3f850e9f5e5b4f04da3ea4def5240d9d4e2789d3"
  integrity sha512-oeaI185F3XeWSz9/fe//qZ0KsQyE6C6c13WuOa+5cX/Yuz7cSAXawrhl58HRaU+fueaE/ijEHLcuK1sdM6e1JQ==
  dependencies:
    "@polkadot/types-codec" "10.11.1"
    "@polkadot/util" "^12.6.1"
    tslib "^2.6.2"

"@polkadot/types-known@10.11.1":
  version "10.11.1"
  resolved "https://registry.npmjs.org/@polkadot/types-known/-/types-known-10.11.1.tgz#6159b13c81660fd2db1c797e28356aee4691b0c0"
  integrity sha512-BPHI7EbdRaznZR4RVVrQC5epyxL6caJ5dkluZP6rRwx7VmQK0FTGIwgh3UP724mzQhM8rT77MD3h2ftnq1cteg==
  dependencies:
    "@polkadot/networks" "^12.6.1"
    "@polkadot/types" "10.11.1"
    "@polkadot/types-codec" "10.11.1"
    "@polkadot/types-create" "10.11.1"
    "@polkadot/util" "^12.6.1"
    tslib "^2.6.2"

"@polkadot/types-support@10.11.1":
  version "10.11.1"
  resolved "https://registry.npmjs.org/@polkadot/types-support/-/types-support-10.11.1.tgz#227c702526f9702a5b6882ecf55bc264f9d3beaf"
  integrity sha512-eCvWjdpELsHvXiTq201DdbIeOIaEr53zTD7HqC2wR/Z1bkQuw79Z+CyIU4sp79GL1vZ1PxS7vUH9M3FKNaTl1Q==
  dependencies:
    "@polkadot/util" "^12.6.1"
    tslib "^2.6.2"

"@polkadot/types@10.11.1":
  version "10.11.1"
  resolved "https://registry.npmjs.org/@polkadot/types/-/types-10.11.1.tgz#d2b8c747c103b0a5f725090980d4be10037ddef0"
  integrity sha512-4uKnzW2GZqNA5qRZpTPJ7z+G/ARTvXI89etv9xXXVttUdfTaYZsMf4rMuMThOAE/mAUn70LoH0JKthZLwzVgNQ==
  dependencies:
    "@polkadot/keyring" "^12.6.1"
    "@polkadot/types-augment" "10.11.1"
    "@polkadot/types-codec" "10.11.1"
    "@polkadot/types-create" "10.11.1"
    "@polkadot/util" "^12.6.1"
    "@polkadot/util-crypto" "^12.6.1"
    rxjs "^7.8.1"
    tslib "^2.6.2"

"@polkadot/util-crypto@12.6.1", "@polkadot/util-crypto@^12.6.1":
  version "12.6.1"
  resolved "https://registry.npmjs.org/@polkadot/util-crypto/-/util-crypto-12.6.1.tgz#f1e354569fb039822db5e57297296e22af575af8"
  integrity sha512-2ezWFLmdgeDXqB9NAUdgpp3s2rQztNrZLY+y0SJYNOG4ch+PyodTW/qSksnOrVGVdRhZ5OESRE9xvo9LYV5UAw==
  dependencies:
    "@noble/curves" "^1.2.0"
    "@noble/hashes" "^1.3.2"
    "@polkadot/networks" "12.6.1"
    "@polkadot/util" "12.6.1"
    "@polkadot/wasm-crypto" "^7.3.1"
    "@polkadot/wasm-util" "^7.3.1"
    "@polkadot/x-bigint" "12.6.1"
    "@polkadot/x-randomvalues" "12.6.1"
    "@scure/base" "^1.1.3"
    tslib "^2.6.2"

"@polkadot/util@12.6.1", "@polkadot/util@^12.6.1":
  version "12.6.1"
  resolved "https://registry.npmjs.org/@polkadot/util/-/util-12.6.1.tgz#477b8e2c601e8aae0662670ed33da46f1b335e5a"
  integrity sha512-10ra3VfXtK8ZSnWI7zjhvRrhupg3rd4iFC3zCaXmRpOU+AmfIoCFVEmuUuC66gyXiz2/g6k5E6j0lWQCOProSQ==
  dependencies:
    "@polkadot/x-bigint" "12.6.1"
    "@polkadot/x-global" "12.6.1"
    "@polkadot/x-textdecoder" "12.6.1"
    "@polkadot/x-textencoder" "12.6.1"
    "@types/bn.js" "^5.1.5"
    bn.js "^5.2.1"
    tslib "^2.6.2"

"@polkadot/wasm-bridge@7.3.1":
  version "7.3.1"
  resolved "https://registry.npmjs.org/@polkadot/wasm-bridge/-/wasm-bridge-7.3.1.tgz#8438363aa98296f8be949321ca1d3a4cbcc4fc49"
  integrity sha512-wPtDkGaOQx5BUIYP+kJv5aV3BnCQ+HXr36khGKYrRQAMBrG+ybCNPOTVXDQnSbraPQRSw7fSIJmiQpEmFsIz0w==
  dependencies:
    "@polkadot/wasm-util" "7.3.1"
    tslib "^2.6.2"

"@polkadot/wasm-crypto-asmjs@7.3.1":
  version "7.3.1"
  resolved "https://registry.npmjs.org/@polkadot/wasm-crypto-asmjs/-/wasm-crypto-asmjs-7.3.1.tgz#8322a554635bcc689eb3a944c87ea64061b6ba81"
  integrity sha512-pTUOCIP0nUc4tjzdG1vtEBztKEWde4DBEZm7NaxBLvwNUxsbYhLKYvuhASEyEIz0ZyE4rOBWEmRF4Buic8oO+g==
  dependencies:
    tslib "^2.6.2"

"@polkadot/wasm-crypto-init@7.3.1":
  version "7.3.1"
  resolved "https://registry.npmjs.org/@polkadot/wasm-crypto-init/-/wasm-crypto-init-7.3.1.tgz#5a140f9e2746ce3009dbcc4d05827e0703fd344d"
  integrity sha512-Fx15ItLcxCe7uJCWZVXhFbsrXqHUKAp9KGYQFKBRK7r1C2va4Y7qnirjwkxoMHQcunusLe2KdbrD+YJuzh4wlA==
  dependencies:
    "@polkadot/wasm-bridge" "7.3.1"
    "@polkadot/wasm-crypto-asmjs" "7.3.1"
    "@polkadot/wasm-crypto-wasm" "7.3.1"
    "@polkadot/wasm-util" "7.3.1"
    tslib "^2.6.2"

"@polkadot/wasm-crypto-wasm@7.3.1":
  version "7.3.1"
  resolved "https://registry.npmjs.org/@polkadot/wasm-crypto-wasm/-/wasm-crypto-wasm-7.3.1.tgz#8f0906ab5dd11fa706db4c3547304b0e1d99f671"
  integrity sha512-hBMRwrBLCfVsFHSdnwwIxEPshoZdW/dHehYRxMSpUdmqOxtD1gnjocXGE1KZUYGX675+EFuR+Ch6OoTKFJxwTA==
  dependencies:
    "@polkadot/wasm-util" "7.3.1"
    tslib "^2.6.2"

"@polkadot/wasm-crypto@^7.3.1":
  version "7.3.1"
  resolved "https://registry.npmjs.org/@polkadot/wasm-crypto/-/wasm-crypto-7.3.1.tgz#178e43ab68385c90d40f53590d3fdb59ee1aa5f4"
  integrity sha512-BSK0YyCN4ohjtwbiHG71fgf+7ufgfLrHxjn7pKsvXhyeiEVuDhbDreNcpUf3eGOJ5tNk75aSbKGF4a3EJGIiNA==
  dependencies:
    "@polkadot/wasm-bridge" "7.3.1"
    "@polkadot/wasm-crypto-asmjs" "7.3.1"
    "@polkadot/wasm-crypto-init" "7.3.1"
    "@polkadot/wasm-crypto-wasm" "7.3.1"
    "@polkadot/wasm-util" "7.3.1"
    tslib "^2.6.2"

"@polkadot/wasm-util@7.3.1", "@polkadot/wasm-util@^7.3.1":
  version "7.3.1"
  resolved "https://registry.npmjs.org/@polkadot/wasm-util/-/wasm-util-7.3.1.tgz#047fbce91e9bdd944d46bea8f636d2fdc268fba2"
  integrity sha512-0m6ozYwBrJgnGl6QvS37ZiGRu4FFPPEtMYEVssfo1Tz4skHJlByWaHWhRNoNCVFAKiGEBu+rfx5HAQMAhoPkvg==
  dependencies:
    tslib "^2.6.2"

"@polkadot/x-bigint@12.6.1", "@polkadot/x-bigint@^12.6.1":
  version "12.6.1"
  resolved "https://registry.npmjs.org/@polkadot/x-bigint/-/x-bigint-12.6.1.tgz#82b6a3639e1bc1195b2858482f0421b403641b80"
  integrity sha512-YlABeVIlgYQZJ4ZpW/+akFGGxw5jMGt4g5vaP7EumlORGneJHzzWJYDmI5v2y7j1zvC9ofOle7z4tRmtN/QDew==
  dependencies:
    "@polkadot/x-global" "12.6.1"
    tslib "^2.6.2"

"@polkadot/x-fetch@^12.6.1":
  version "12.6.1"
  resolved "https://registry.npmjs.org/@polkadot/x-fetch/-/x-fetch-12.6.1.tgz#6cd3023177f842ef51f05324c971671cbe010eca"
  integrity sha512-iyBv0ecfCsqGSv26CPJk9vSoKtry/Fn7x549ysA4hlc9KboraMHxOHTpcNZYC/OdgvbFZl40zIXCY0SA1ai8aw==
  dependencies:
    "@polkadot/x-global" "12.6.1"
    node-fetch "^3.3.2"
    tslib "^2.6.2"

"@polkadot/x-global@12.6.1", "@polkadot/x-global@^12.6.1":
  version "12.6.1"
  resolved "https://registry.npmjs.org/@polkadot/x-global/-/x-global-12.6.1.tgz#1a00ae466e344539bdee57eb7b1dd4e4d5b1dc95"
  integrity sha512-w5t19HIdBPuyu7X/AiCyH2DsKqxBF0KpF4Ymolnx8PfcSIgnq9ZOmgs74McPR6FgEmeEkr9uNKujZrsfURi1ug==
  dependencies:
    tslib "^2.6.2"

"@polkadot/x-randomvalues@12.6.1":
  version "12.6.1"
  resolved "https://registry.npmjs.org/@polkadot/x-randomvalues/-/x-randomvalues-12.6.1.tgz#f0ad7afa5b0bac123b634ac19d6625cd301a9307"
  integrity sha512-1uVKlfYYbgIgGV5v1Dgn960cGovenWm5pmg+aTMeUGXVYiJwRD2zOpLyC1i/tP454iA74j74pmWb8Nkn0tJZUQ==
  dependencies:
    "@polkadot/x-global" "12.6.1"
    tslib "^2.6.2"

"@polkadot/x-textdecoder@12.6.1":
  version "12.6.1"
  resolved "https://registry.npmjs.org/@polkadot/x-textdecoder/-/x-textdecoder-12.6.1.tgz#ee6e9a0f1819204aa60e0ef5a576e8b222501123"
  integrity sha512-IasodJeV1f2Nr/VtA207+LXCQEqYcG8y9qB/EQcRsrEP58NbwwxM5Z2obV0lSjJOxRTJ4/OlhUwnLHwcbIp6+g==
  dependencies:
    "@polkadot/x-global" "12.6.1"
    tslib "^2.6.2"

"@polkadot/x-textencoder@12.6.1":
  version "12.6.1"
  resolved "https://registry.npmjs.org/@polkadot/x-textencoder/-/x-textencoder-12.6.1.tgz#b39d4afb50c8bc2ff6add9f20cfc2338abff90d4"
  integrity sha512-sTq/+tXqBhGe01a1rjieSHFh3y935vuRgtahVgVJZnfqh5SmLPgSN5tTPxZWzyx7gHIfotle8laTJbJarv7V1A==
  dependencies:
    "@polkadot/x-global" "12.6.1"
    tslib "^2.6.2"

"@polkadot/x-ws@^12.6.1":
  version "12.6.1"
  resolved "https://registry.npmjs.org/@polkadot/x-ws/-/x-ws-12.6.1.tgz#340830d4500bbb301c63a9c5b289da85a5cc898c"
  integrity sha512-fs9V+XekjJLpVLLwxnqq3llqSZu2T/b9brvld8anvzS/htDLPbi7+c5W3VGJ9Po8fS67IsU3HCt0Gu6F6mGrMA==
  dependencies:
    "@polkadot/x-global" "12.6.1"
    tslib "^2.6.2"
    ws "^8.14.2"

"@scure/base@^1.1.3":
  version "1.1.3"
  resolved "https://registry.npmjs.org/@scure/base/-/base-1.1.3.tgz#8584115565228290a6c6c4961973e0903bb3df2f"
  integrity sha512-/+SgoRjLq7Xlf0CWuLHq2LUZeL/w65kfzAPG5NH9pcmBhs+nunQTn4gvdwgMTIXnt9b2C/1SeL2XiysZEyIC9Q==

"@substrate/connect-extension-protocol@^1.0.1":
  version "1.0.1"
  resolved "https://registry.npmjs.org/@substrate/connect-extension-protocol/-/connect-extension-protocol-1.0.1.tgz#fa5738039586c648013caa6a0c95c43265dbe77d"
  integrity sha512-161JhCC1csjH3GE5mPLEd7HbWtwNSPJBg3p1Ksz9SFlTzj/bgEwudiRN2y5i0MoLGCIJRYKyKGMxVnd29PzNjg==

"@substrate/connect@0.7.35":
  version "0.7.35"
  resolved "https://registry.npmjs.org/@substrate/connect/-/connect-0.7.35.tgz#853d8ff50717a8c9ee8f219d11a86e61a54b88b8"
  integrity sha512-Io8vkalbwaye+7yXfG1Nj52tOOoJln2bMlc7Q9Yy3vEWqZEVkgKmcPVzbwV0CWL3QD+KMPDA2Dnw/X7EdwgoLw==
  dependencies:
    "@substrate/connect-extension-protocol" "^1.0.1"
    smoldot "2.0.7"

"@substrate/ss58-registry@^1.44.0":
  version "1.44.0"
  resolved "https://registry.npmjs.org/@substrate/ss58-registry/-/ss58-registry-1.44.0.tgz#54f214e2a44f450b7bbc9252891c1879a54e0606"
  integrity sha512-7lQ/7mMCzVNSEfDS4BCqnRnKCFKpcOaPrxMeGTXHX1YQzM/m2BBHjbK2C3dJvjv7GYxMiaTq/HdWQj1xS6ss+A==

"@types/bn.js@^5.1.5":
  version "5.1.5"
  resolved "https://registry.npmjs.org/@types/bn.js/-/bn.js-5.1.5.tgz#2e0dacdcce2c0f16b905d20ff87aedbc6f7b4bf0"
  integrity sha512-V46N0zwKRF5Q00AZ6hWtN0T8gGmDUaUzLWQvHFo5yThtVwK/VCenFY3wXVbOvNfajEpsTfQM4IN9k/d6gUVX3A==
  dependencies:
    "@types/node" "*"

"@types/node@*":
  version "20.10.2"
  resolved "https://registry.npmjs.org/@types/node/-/node-20.10.2.tgz#32a5e8228357f57714ad28d52229ab04880c2814"
  integrity sha512-37MXfxkb0vuIlRKHNxwCkb60PNBpR94u4efQuN4JgIAm66zfCDXGSAFCef9XUWFovX2R1ok6Z7MHhtdVXXkkIw==
  dependencies:
    undici-types "~5.26.4"

"@types/webidl-conversions@*":
  version "7.0.3"
  resolved "https://registry.npmjs.org/@types/webidl-conversions/-/webidl-conversions-7.0.3.tgz#1306dbfa53768bcbcfc95a1c8cde367975581859"
  integrity sha512-CiJJvcRtIgzadHCYXw7dqEnMNRjhGZlYK05Mj9OyktqV8uVT8fD2BFOB7S1uwBE3Kj2Z+4UyPmFw/Ixgw/LAlA==

"@types/whatwg-url@^8.2.1":
  version "8.2.2"
  resolved "https://registry.npmjs.org/@types/whatwg-url/-/whatwg-url-8.2.2.tgz#749d5b3873e845897ada99be4448041d4cc39e63"
  integrity sha512-FtQu10RWgn3D9U4aazdwIE2yzphmTJREDqNdODHrbrZmmMqI0vMheC/6NE/J1Yveaj8H+ela+YwWTjq5PGmuhA==
  dependencies:
    "@types/node" "*"
    "@types/webidl-conversions" "*"

bignumber.js@^9.1.2:
  version "9.1.2"
  resolved "https://registry.npmjs.org/bignumber.js/-/bignumber.js-9.1.2.tgz#b7c4242259c008903b13707983b5f4bbd31eda0c"
  integrity sha512-2/mKyZH9K85bzOEfhXDBFZTGd1CTs+5IHpeFQo9luiBG7hghdC851Pj2WAhb6E3R6b9tZj/XKhbg4fum+Kepug==

bn.js@^5.2.1:
  version "5.2.1"
  resolved "https://registry.npmjs.org/bn.js/-/bn.js-5.2.1.tgz#0bc527a6a0d18d0aa8d5b0538ce4a77dccfa7b70"
  integrity sha512-eXRvHzWyYPBuB4NBy0cmYQjGitUrtqwbvlzP3G6VFnNRbsZQIxQ10PbKKHt8gZ/HW/D/747aDl+QkDqg3KQLMQ==

bson@^6.1.0:
  version "6.2.0"
  resolved "https://registry.npmjs.org/bson/-/bson-6.2.0.tgz#4b6acafc266ba18eeee111373c2699304a9ba0a3"
  integrity sha512-ID1cI+7bazPDyL9wYy9GaQ8gEEohWvcUl/Yf0dIdutJxnmInEEyCsb4awy/OiBfall7zBA179Pahi3vCdFze3Q==

data-uri-to-buffer@^4.0.0:
  version "4.0.1"
  resolved "https://registry.npmjs.org/data-uri-to-buffer/-/data-uri-to-buffer-4.0.1.tgz#d8feb2b2881e6a4f58c2e08acfd0e2834e26222e"
  integrity sha512-0R9ikRb668HB7QDxT1vkpuUBtqc53YyAwMwGeUFKRojY/NWKvdZ+9UYtRfGmhqNbRkTSVpMbmyhXipFFv2cb/A==

date-format@^4.0.14:
  version "4.0.14"
  resolved "https://registry.npmjs.org/date-format/-/date-format-4.0.14.tgz#7a8e584434fb169a521c8b7aa481f355810d9400"
  integrity sha512-39BOQLs9ZjKh0/patS9nrT8wc3ioX3/eA/zgbKNopnF2wCqJEoxywwwElATYvRsXdnOxA/OQeQoFZ3rFjVajhg==

debug@^4.1.0, debug@^4.3.4:
  version "4.3.4"
  resolved "https://registry.npmjs.org/debug/-/debug-4.3.4.tgz#1319f6579357f2338d3337d2cdd4914bb5dcc865"
  integrity sha512-PRWFHuSU3eDtQJPvnNY7Jcket1j0t5OuOsFzPPzsekD52Zl8qUfFIPEiswXqIvHWGVHOgX+7G/vCNNhehwxfkQ==
  dependencies:
    ms "2.1.2"

dotenv@^16.3.1:
  version "16.3.1"
  resolved "https://registry.npmjs.org/dotenv/-/dotenv-16.3.1.tgz#369034de7d7e5b120972693352a3bf112172cc3e"
  integrity sha512-IPzF4w4/Rd94bA9imS68tZBaYyBWSCE47V1RGuMrB94iyTOIEwRmVL2x/4An+6mETpLrKJ5hQkB8W4kFAadeIQ==

eventemitter3@^5.0.1:
  version "5.0.1"
  resolved "https://registry.npmjs.org/eventemitter3/-/eventemitter3-5.0.1.tgz#53f5ffd0a492ac800721bb42c66b841de96423c4"
  integrity sha512-GWkBvjiSZK87ELrYOSESUYeVIc9mvLLf/nXalMOS5dYrgZq9o5OVkbZAVM06CVxYsCwH9BDZFPlQTlPA1j4ahA==

fetch-blob@^3.1.2, fetch-blob@^3.1.4:
  version "3.2.0"
  resolved "https://registry.npmjs.org/fetch-blob/-/fetch-blob-3.2.0.tgz#f09b8d4bbd45adc6f0c20b7e787e793e309dcce9"
  integrity sha512-7yAQpD2UMJzLi1Dqv7qFYnPbaPx7ZfFK6PiIxQ4PfkGPyNyl2Ugx+a/umUonmKqjhM4DnfbMvdX6otXq83soQQ==
  dependencies:
    node-domexception "^1.0.0"
    web-streams-polyfill "^3.0.3"

flatted@^3.2.7:
  version "3.2.9"
  resolved "https://registry.npmjs.org/flatted/-/flatted-3.2.9.tgz#7eb4c67ca1ba34232ca9d2d93e9886e611ad7daf"
  integrity sha512-36yxDn5H7OFZQla0/jFJmbIKTdZAQHngCedGxiMmpNfEZM0sdEeT+WczLQrjK6D7o2aiyLYDnkw0R3JK0Qv1RQ==

formdata-polyfill@^4.0.10:
  version "4.0.10"
  resolved "https://registry.npmjs.org/formdata-polyfill/-/formdata-polyfill-4.0.10.tgz#24807c31c9d402e002ab3d8c720144ceb8848423"
  integrity sha512-buewHzMvYL29jdeQTVILecSaZKnt/RJWjoZCF5OW60Z67/GmSLBkOFM7qh1PI3zFNtJbaZL5eQu1vLfazOwj4g==
  dependencies:
    fetch-blob "^3.1.2"

fs-extra@^8.1.0:
  version "8.1.0"
  resolved "https://registry.npmjs.org/fs-extra/-/fs-extra-8.1.0.tgz#49d43c45a88cd9677668cb7be1b46efdb8d2e1c0"
  integrity sha512-yhlQgA6mnOJUKOsRUFsgJdQCvkKhcz8tlZG5HBQfReYZy46OwLcY+Zia0mtdHsOo9y/hP+CxMN0TU9QxoOtG4g==
  dependencies:
    graceful-fs "^4.2.0"
    jsonfile "^4.0.0"
    universalify "^0.1.0"

graceful-fs@^4.1.6, graceful-fs@^4.2.0:
  version "4.2.11"
  resolved "https://registry.npmjs.org/graceful-fs/-/graceful-fs-4.2.11.tgz#4183e4e8bf08bb6e05bbb2f7d2e0c8f712ca40e3"
  integrity sha512-RbJ5/jmFcNNCcDV5o9eTnBLJ/HszWV0P73bc+Ff4nS/rJj+YaS6IGyiOL0VoBYX+l1Wrl3k63h/KrH+nhJ0XvQ==

json-stringify-safe@^5.0.1:
  version "5.0.1"
  resolved "https://registry.npmjs.org/json-stringify-safe/-/json-stringify-safe-5.0.1.tgz#1296a2d58fd45f19a0f6ce01d65701e2c735b6eb"
  integrity sha512-ZClg6AaYvamvYEE82d3Iyd3vSSIjQ+odgjaTzRuO3s7toCdFKczob2i0zCh7JE8kWn17yvAWhUVxvqGwUalsRA==

jsonfile@^4.0.0:
  version "4.0.0"
  resolved "https://registry.npmjs.org/jsonfile/-/jsonfile-4.0.0.tgz#8771aae0799b64076b76640fca058f9c10e33ecb"
  integrity sha512-m6F1R3z8jjlf2imQHS2Qez5sjKWQzbuuhuJ/FKYFRZvPE3PuHcSMVZzfsLhGVOkfd20obL5SWEBew5ShlquNxg==
  optionalDependencies:
    graceful-fs "^4.1.6"

lodash.findlast@^4.6.0:
  version "4.6.0"
  resolved "https://registry.npmjs.org/lodash.findlast/-/lodash.findlast-4.6.0.tgz#ea8bb78cf2e7e7804fc8aeb7d1953e07fe31fbc8"
  integrity sha512-+OGwb1FVKjhc2aIEQ9vKqNDW1a0/HaCLr0iCIK10jfVif3dBE0nhQD0jOZNZLh7zOlmFUTrk+vt85eXoH4vKuA==

lodash.last@^3.0.0:
  version "3.0.0"
  resolved "https://registry.npmjs.org/lodash.last/-/lodash.last-3.0.0.tgz#242f663112dd4c6e63728c60a3c909d1bdadbd4c"
  integrity sha512-14mq7rSkCxG4XMy9lF2FbIOqqgF0aH0NfPuQ3LPR3vIh0kHnUvIYP70dqa1Hf47zyXfQ8FzAg0MYOQeSuE1R7A==

lodash.omit@^4.5.0:
  version "4.5.0"
  resolved "https://registry.npmjs.org/lodash.omit/-/lodash.omit-4.5.0.tgz#6eb19ae5a1ee1dd9df0b969e66ce0b7fa30b5e60"
  integrity sha512-XeqSp49hNGmlkj2EJlfrQFIzQ6lXdNro9sddtQzcJY8QaoC2GO0DT7xaIokHeyM+mIT0mPMlPvkYzg2xCuHdZg==

log4js@^6.9.1:
  version "6.9.1"
  resolved "https://registry.npmjs.org/log4js/-/log4js-6.9.1.tgz#aba5a3ff4e7872ae34f8b4c533706753709e38b6"
  integrity sha512-1somDdy9sChrr9/f4UlzhdaGfDR2c/SaD2a4T7qEkG4jTS57/B3qmnjLYePwQ8cqWnUHZI0iAKxMBpCZICiZ2g==
  dependencies:
    date-format "^4.0.14"
    debug "^4.3.4"
    flatted "^3.2.7"
    rfdc "^1.3.0"
    streamroller "^3.1.5"

memory-pager@^1.0.2:
  version "1.5.0"
  resolved "https://registry.npmjs.org/memory-pager/-/memory-pager-1.5.0.tgz#d8751655d22d384682741c972f2c3d6dfa3e66b5"
  integrity sha512-ZS4Bp4r/Zoeq6+NLJpP+0Zzm0pR8whtGPf1XExKLJBAczGMnSi3It14OiNCStjQjM6NU1okjQGSxgEZN8eBYKg==

mock-socket@^9.3.1:
  version "9.3.1"
  resolved "https://registry.npmjs.org/mock-socket/-/mock-socket-9.3.1.tgz#24fb00c2f573c84812aa4a24181bb025de80cc8e"
  integrity sha512-qxBgB7Qa2sEQgHFjj0dSigq7fX4k6Saisd5Nelwp2q8mlbAFh5dHV9JTTlF8viYJLSSWgMCZFUom8PJcMNBoJw==

mongodb-connection-string-url@^2.6.0:
  version "2.6.0"
  resolved "https://registry.npmjs.org/mongodb-connection-string-url/-/mongodb-connection-string-url-2.6.0.tgz#57901bf352372abdde812c81be47b75c6b2ec5cf"
  integrity sha512-WvTZlI9ab0QYtTYnuMLgobULWhokRjtC7db9LtcVfJ+Hsnyr5eo6ZtNAt3Ly24XZScGMelOcGtm7lSn0332tPQ==
  dependencies:
    "@types/whatwg-url" "^8.2.1"
    whatwg-url "^11.0.0"

mongodb@6.1.0:
  version "6.1.0"
  resolved "https://registry.npmjs.org/mongodb/-/mongodb-6.1.0.tgz#5144bee74d50746f7b0ed68dbb974f31e1b40900"
  integrity sha512-AvzNY0zMkpothZ5mJAaIo2bGDjlJQqqAbn9fvtVgwIIUPEfdrqGxqNjjbuKyrgQxg2EvCmfWdjq+4uj96c0YPw==
  dependencies:
    "@mongodb-js/saslprep" "^1.1.0"
    bson "^6.1.0"
    mongodb-connection-string-url "^2.6.0"

ms@2.1.2:
  version "2.1.2"
  resolved "https://registry.npmjs.org/ms/-/ms-2.1.2.tgz#d09d1f357b443f493382a8eb3ccd183872ae6009"
  integrity sha512-sGkPx+VjMtmA6MX27oA4FBFELFCZZ4S4XqeGOXCv68tT+jb3vk/RyaKWP0PTKyWtmLSM0b+adUTEvbs1PEaH2w==

nock@^13.3.8:
  version "13.4.0"
  resolved "https://registry.npmjs.org/nock/-/nock-13.4.0.tgz#60aa3f7a4afa9c12052e74d8fb7550f682ef0115"
  integrity sha512-W8NVHjO/LCTNA64yxAPHV/K47LpGYcVzgKd3Q0n6owhwvD0Dgoterc25R4rnZbckJEb6Loxz1f5QMuJpJnbSyQ==
  dependencies:
    debug "^4.1.0"
    json-stringify-safe "^5.0.1"
    propagate "^2.0.0"

node-domexception@^1.0.0:
  version "1.0.0"
  resolved "https://registry.npmjs.org/node-domexception/-/node-domexception-1.0.0.tgz#6888db46a1f71c0b76b3f7555016b63fe64766e5"
  integrity sha512-/jKZoMpw0F8GRwl4/eLROPA3cfcXtLApP0QzLmUT/HuPCZWyB7IY9ZrMeKw2O/nFIqPQB3PVM9aYm0F312AXDQ==

node-fetch@^3.3.2:
  version "3.3.2"
  resolved "https://registry.npmjs.org/node-fetch/-/node-fetch-3.3.2.tgz#d1e889bacdf733b4ff3b2b243eb7a12866a0b78b"
  integrity sha512-dRB78srN/l6gqWulah9SrxeYnxeddIG30+GOqK/9OlLVyLg3HPnr6SqOWTWOXKRwC2eGYCkZ59NNuSgvSrpgOA==
  dependencies:
    data-uri-to-buffer "^4.0.0"
    fetch-blob "^3.1.4"
    formdata-polyfill "^4.0.10"

propagate@^2.0.0:
  version "2.0.1"
  resolved "https://registry.npmjs.org/propagate/-/propagate-2.0.1.tgz#40cdedab18085c792334e64f0ac17256d38f9a45"
  integrity sha512-vGrhOavPSTz4QVNuBNdcNXePNdNMaO1xj9yBeH1ScQPjk/rhg9sSlCXPhMkFuaNNW/syTvYqsnbIJxMBfRbbag==

punycode@^2.1.1:
  version "2.3.1"
  resolved "https://registry.npmjs.org/punycode/-/punycode-2.3.1.tgz#027422e2faec0b25e1549c3e1bd8309b9133b6e5"
  integrity sha512-vYt7UD1U9Wg6138shLtLOvdAu+8DsC/ilFtEVHcH+wydcSpNE20AfSOduf6MkRFahL5FY7X1oU7nKVZFtfq8Fg==

rfdc@^1.3.0:
  version "1.3.0"
  resolved "https://registry.npmjs.org/rfdc/-/rfdc-1.3.0.tgz#d0b7c441ab2720d05dc4cf26e01c89631d9da08b"
  integrity sha512-V2hovdzFbOi77/WajaSMXk2OLm+xNIeQdMMuB7icj7bk6zi2F8GGAxigcnDFpJHbNyNcgyJDiP+8nOrY5cZGrA==

rxjs@^7.8.1:
  version "7.8.1"
  resolved "https://registry.npmjs.org/rxjs/-/rxjs-7.8.1.tgz#6f6f3d99ea8044291efd92e7c7fcf562c4057543"
  integrity sha512-AA3TVj+0A2iuIoQkWEK/tqFjBq2j+6PO6Y0zJcvzLAFhEFIO3HL0vls9hWLncZbAAbK0mar7oZ4V079I/qPMxg==
  dependencies:
    tslib "^2.1.0"

smoldot@2.0.7:
  version "2.0.7"
  resolved "https://registry.npmjs.org/smoldot/-/smoldot-2.0.7.tgz#407efd6bbb82a074612db4d056d631d8d615f442"
  integrity sha512-VAOBqEen6vises36/zgrmAT1GWk2qE3X8AGnO7lmQFdskbKx8EovnwS22rtPAG+Y1Rk23/S22kDJUdPANyPkBA==
  dependencies:
    ws "^8.8.1"

sparse-bitfield@^3.0.3:
  version "3.0.3"
  resolved "https://registry.npmjs.org/sparse-bitfield/-/sparse-bitfield-3.0.3.tgz#ff4ae6e68656056ba4b3e792ab3334d38273ca11"
  integrity sha512-kvzhi7vqKTfkh0PZU+2D2PIllw2ymqJKujUcyPMd9Y75Nv4nPbGJZXNhxsgdQab2BmlDct1YnfQCguEvHr7VsQ==
  dependencies:
    memory-pager "^1.0.2"

streamroller@^3.1.5:
  version "3.1.5"
  resolved "https://registry.npmjs.org/streamroller/-/streamroller-3.1.5.tgz#1263182329a45def1ffaef58d31b15d13d2ee7ff"
  integrity sha512-KFxaM7XT+irxvdqSP1LGLgNWbYN7ay5owZ3r/8t77p+EtSUAfUgtl7be3xtqtOmGUl9K9YPO2ca8133RlTjvKw==
  dependencies:
    date-format "^4.0.14"
    debug "^4.3.4"
    fs-extra "^8.1.0"

tr46@^3.0.0:
  version "3.0.0"
  resolved "https://registry.npmjs.org/tr46/-/tr46-3.0.0.tgz#555c4e297a950617e8eeddef633c87d4d9d6cbf9"
  integrity sha512-l7FvfAHlcmulp8kr+flpQZmVwtu7nfRV7NZujtN0OqES8EL4O4e0qqzL0DC5gAvx/ZC/9lk6rhcUwYvkBnBnYA==
  dependencies:
    punycode "^2.1.1"

tslib@^2.1.0, tslib@^2.6.2:
  version "2.6.2"
  resolved "https://registry.npmjs.org/tslib/-/tslib-2.6.2.tgz#703ac29425e7b37cd6fd456e92404d46d1f3e4ae"
  integrity sha512-AEYxH93jGFPn/a2iVAwW87VuUIkR1FVUKB77NwMF7nBTDkDrrT/Hpt/IrCJ0QXhW27jTBDcf5ZY7w6RiqTMw2Q==

undici-types@~5.26.4:
  version "5.26.5"
  resolved "https://registry.npmjs.org/undici-types/-/undici-types-5.26.5.tgz#bcd539893d00b56e964fd2657a4866b221a65617"
  integrity sha512-JlCMO+ehdEIKqlFxk6IfVoAUVmgz7cU7zD/h9XZ0qzeosSHmUJVOzSQvvYSYWXkFXC+IfLKSIffhv0sVZup6pA==

universalify@^0.1.0:
  version "0.1.2"
  resolved "https://registry.npmjs.org/universalify/-/universalify-0.1.2.tgz#b646f69be3942dabcecc9d6639c80dc105efaa66"
  integrity sha512-rBJeI5CXAlmy1pV+617WB9J63U6XcazHHF2f2dbJix4XzpUF0RS3Zbj0FGIOCAva5P/d/GBOYaACQ1w+0azUkg==

web-streams-polyfill@^3.0.3:
  version "3.2.1"
  resolved "https://registry.npmjs.org/web-streams-polyfill/-/web-streams-polyfill-3.2.1.tgz#71c2718c52b45fd49dbeee88634b3a60ceab42a6"
  integrity sha512-e0MO3wdXWKrLbL0DgGnUV7WHVuw9OUvL4hjgnPkIeEvESk74gAITi5G606JtZPp39cd8HA9VQzCIvA49LpPN5Q==

webidl-conversions@^7.0.0:
  version "7.0.0"
  resolved "https://registry.npmjs.org/webidl-conversions/-/webidl-conversions-7.0.0.tgz#256b4e1882be7debbf01d05f0aa2039778ea080a"
  integrity sha512-VwddBukDzu71offAQR975unBIGqfKZpM+8ZX6ySk8nYhVoo5CYaZyzt3YBvYtRtO+aoGlqxPg/B87NGVZ/fu6g==

whatwg-url@^11.0.0:
  version "11.0.0"
  resolved "https://registry.npmjs.org/whatwg-url/-/whatwg-url-11.0.0.tgz#0a849eebb5faf2119b901bb76fd795c2848d4018"
  integrity sha512-RKT8HExMpoYx4igMiVMY83lN6UeITKJlBQ+vR/8ZJ8OCdSiN3RwCq+9gH0+Xzj0+5IrM6i4j/6LuvzbZIQgEcQ==
  dependencies:
    tr46 "^3.0.0"
    webidl-conversions "^7.0.0"

ws@^8.14.2, ws@^8.8.1:
  version "8.14.2"
  resolved "https://registry.npmjs.org/ws/-/ws-8.14.2.tgz#6c249a806eb2db7a20d26d51e7709eab7b2e6c7f"
  integrity sha512-wEBG1ftX4jcglPxgFCMJmZ2PLtSbJ2Peg6TmpJFTbe9GZYOQCDPdMYu/Tm0/bGZkw8paZnJY45J4K2PZrLYq8g==
